
Microsoft Visual Studio Solution File, Format Version 12.00
# Visual Studio Version 17
VisualStudioVersion = 17.2.32630.192
MinimumVisualStudioVersion = 10.0.40219.1
Project("{2150E333-8FDC-42A3-9474-1A3956D46DE8}") = "Basic C Sharp", "Basic C Sharp", "{13CCAD08-DAD9-40EA-ACD2-40310EFD0E95}"
EndProject
Project("{2150E333-8FDC-42A3-9474-1A3956D46DE8}") = "Basic OOP", "Basic OOP", "{ED54BF85-23E3-4A6F-80A2-345156C0CE6F}"
EndProject
Project("{2150E333-8FDC-42A3-9474-1A3956D46DE8}") = "Advanced C Sharp", "Advanced C Sharp", "{8AE72FCC-8953-42AF-800C-88F744853815}"
EndProject
Project("{9A19103F-16F7-4668-BE54-9A1E7A4F7556}") = "ToanTu", "HelloWord\ToanTu.csproj", "{BE3CE6DB-CA08-416F-9A0A-9825370B34BC}"
EndProject
Project("{9A19103F-16F7-4668-BE54-9A1E7A4F7556}") = "IF-ELSE", "IF-ELSE\IF-ELSE.csproj", "{87B563C3-B488-460B-88DD-79BDF95B3AC0}"
EndProject
Project("{9A19103F-16F7-4668-BE54-9A1E7A4F7556}") = "SoHoanHao", "SoHoanHao\SoHoanHao.csproj", "{86E6EEBA-6B48-43A4-8D66-F043DCA85C54}"
EndProject
Project("{9A19103F-16F7-4668-BE54-9A1E7A4F7556}") = "Fibonaci", "Fibonaci\Fibonaci.csproj", "{F3B71FE1-C692-4FB2-A4B6-EC2AC7DA8527}"
EndProject
Project("{9A19103F-16F7-4668-BE54-9A1E7A4F7556}") = "BCNN", "BCNN\BCNN.csproj", "{408E4F4F-D65F-4240-991E-1EE7B9ACC3B0}"
EndProject
Project("{9A19103F-16F7-4668-BE54-9A1E7A4F7556}") = "Array", "Array\Array.csproj", "{24873156-1AB6-4CE9-A0F9-6F3A820AE882}"
EndProject
Project("{9A19103F-16F7-4668-BE54-9A1E7A4F7556}") = "Array2Chieu", "Array2Chieu\Array2Chieu.csproj", "{BA599BFD-3EB4-4836-AF84-C1166DD3CC66}"
EndProject
Project("{9A19103F-16F7-4668-BE54-9A1E7A4F7556}") = "TestString", "String\TestString.csproj", "{50B91FAE-6174-435A-B469-99DCA8074D61}"
EndProject
Project("{9A19103F-16F7-4668-BE54-9A1E7A4F7556}") = "DemoDateTime", "DemoDateTime\DemoDateTime.csproj", "{24F48424-C3B6-42ED-89DB-213ED8A52F92}"
EndProject
Project("{9A19103F-16F7-4668-BE54-9A1E7A4F7556}") = "QLVienKhoaHoc", "QLVienKhoaHoc\QLVienKhoaHoc.csproj", "{3D4C3184-7A2A-4170-A896-9C966507BB55}"
EndProject
Project("{9A19103F-16F7-4668-BE54-9A1E7A4F7556}") = "TestOOP", "TestOOP\TestOOP.csproj", "{A342E4E4-A384-435C-A496-2127CD7F7BA1}"
EndProject
Project("{9A19103F-16F7-4668-BE54-9A1E7A4F7556}") = "DemoTryCatch", "DemoTryCatch\DemoTryCatch.csproj", "{FAA7FC1E-58FE-4EA8-B64F-A31AC76F6643}"
EndProject
Project("{9A19103F-16F7-4668-BE54-9A1E7A4F7556}") = "DemoDelegate", "DemoDelegate\DemoDelegate.csproj", "{8A55E47C-FFE8-40C2-8B5E-0C770CAF2DF5}"
EndProject
Project("{FAE04EC0-301F-11D3-BF4B-00C04F79EFBC}") = "SuDungEvent", "SuDungEvent\SuDungEvent.csproj", "{4EA41BCF-A0B6-41CD-B093-E546B991F965}"
EndProject
Global
	GlobalSection(SolutionConfigurationPlatforms) = preSolution
		Debug|Any CPU = Debug|Any CPU
		Release|Any CPU = Release|Any CPU
	EndGlobalSection
	GlobalSection(ProjectConfigurationPlatforms) = postSolution
		{BE3CE6DB-CA08-416F-9A0A-9825370B34BC}.Debug|Any CPU.ActiveCfg = Debug|Any CPU
		{BE3CE6DB-CA08-416F-9A0A-9825370B34BC}.Debug|Any CPU.Build.0 = Debug|Any CPU
		{BE3CE6DB-CA08-416F-9A0A-9825370B34BC}.Release|Any CPU.ActiveCfg = Release|Any CPU
		{BE3CE6DB-CA08-416F-9A0A-9825370B34BC}.Release|Any CPU.Build.0 = Release|Any CPU
		{87B563C3-B488-460B-88DD-79BDF95B3AC0}.Debug|Any CPU.ActiveCfg = Debug|Any CPU
		{87B563C3-B488-460B-88DD-79BDF95B3AC0}.Debug|Any CPU.Build.0 = Debug|Any CPU
		{87B563C3-B488-460B-88DD-79BDF95B3AC0}.Release|Any CPU.ActiveCfg = Release|Any CPU
		{87B563C3-B488-460B-88DD-79BDF95B3AC0}.Release|Any CPU.Build.0 = Release|Any CPU
		{86E6EEBA-6B48-43A4-8D66-F043DCA85C54}.Debug|Any CPU.ActiveCfg = Debug|Any CPU
		{86E6EEBA-6B48-43A4-8D66-F043DCA85C54}.Debug|Any CPU.Build.0 = Debug|Any CPU
		{86E6EEBA-6B48-43A4-8D66-F043DCA85C54}.Release|Any CPU.ActiveCfg = Release|Any CPU
		{86E6EEBA-6B48-43A4-8D66-F043DCA85C54}.Release|Any CPU.Build.0 = Release|Any CPU
		{F3B71FE1-C692-4FB2-A4B6-EC2AC7DA8527}.Debug|Any CPU.ActiveCfg = Debug|Any CPU
		{F3B71FE1-C692-4FB2-A4B6-EC2AC7DA8527}.Debug|Any CPU.Build.0 = Debug|Any CPU
		{F3B71FE1-C692-4FB2-A4B6-EC2AC7DA8527}.Release|Any CPU.ActiveCfg = Release|Any CPU
		{F3B71FE1-C692-4FB2-A4B6-EC2AC7DA8527}.Release|Any CPU.Build.0 = Release|Any CPU
		{408E4F4F-D65F-4240-991E-1EE7B9ACC3B0}.Debug|Any CPU.ActiveCfg = Debug|Any CPU
		{408E4F4F-D65F-4240-991E-1EE7B9ACC3B0}.Debug|Any CPU.Build.0 = Debug|Any CPU
		{408E4F4F-D65F-4240-991E-1EE7B9ACC3B0}.Release|Any CPU.ActiveCfg = Release|Any CPU
		{408E4F4F-D65F-4240-991E-1EE7B9ACC3B0}.Release|Any CPU.Build.0 = Release|Any CPU
		{24873156-1AB6-4CE9-A0F9-6F3A820AE882}.Debug|Any CPU.ActiveCfg = Debug|Any CPU
		{24873156-1AB6-4CE9-A0F9-6F3A820AE882}.Debug|Any CPU.Build.0 = Debug|Any CPU
		{24873156-1AB6-4CE9-A0F9-6F3A820AE882}.Release|Any CPU.ActiveCfg = Release|Any CPU
		{24873156-1AB6-4CE9-A0F9-6F3A820AE882}.Release|Any CPU.Build.0 = Release|Any CPU
		{BA599BFD-3EB4-4836-AF84-C1166DD3CC66}.Debug|Any CPU.ActiveCfg = Debug|Any CPU
		{BA599BFD-3EB4-4836-AF84-C1166DD3CC66}.Debug|Any CPU.Build.0 = Debug|Any CPU
		{BA599BFD-3EB4-4836-AF84-C1166DD3CC66}.Release|Any CPU.ActiveCfg = Release|Any CPU
		{BA599BFD-3EB4-4836-AF84-C1166DD3CC66}.Release|Any CPU.Build.0 = Release|Any CPU
		{50B91FAE-6174-435A-B469-99DCA8074D61}.Debug|Any CPU.ActiveCfg = Debug|Any CPU
		{50B91FAE-6174-435A-B469-99DCA8074D61}.Debug|Any CPU.Build.0 = Debug|Any CPU
		{50B91FAE-6174-435A-B469-99DCA8074D61}.Release|Any CPU.ActiveCfg = Release|Any CPU
		{50B91FAE-6174-435A-B469-99DCA8074D61}.Release|Any CPU.Build.0 = Release|Any CPU
		{24F48424-C3B6-42ED-89DB-213ED8A52F92}.Debug|Any CPU.ActiveCfg = Debug|Any CPU
		{24F48424-C3B6-42ED-89DB-213ED8A52F92}.Debug|Any CPU.Build.0 = Debug|Any CPU
		{24F48424-C3B6-42ED-89DB-213ED8A52F92}.Release|Any CPU.ActiveCfg = Release|Any CPU
		{24F48424-C3B6-42ED-89DB-213ED8A52F92}.Release|Any CPU.Build.0 = Release|Any CPU
		{3D4C3184-7A2A-4170-A896-9C966507BB55}.Debug|Any CPU.ActiveCfg = Debug|Any CPU
		{3D4C3184-7A2A-4170-A896-9C966507BB55}.Debug|Any CPU.Build.0 = Debug|Any CPU
		{3D4C3184-7A2A-4170-A896-9C966507BB55}.Release|Any CPU.ActiveCfg = Release|Any CPU
		{3D4C3184-7A2A-4170-A896-9C966507BB55}.Release|Any CPU.Build.0 = Release|Any CPU
		{A342E4E4-A384-435C-A496-2127CD7F7BA1}.Debug|Any CPU.ActiveCfg = Debug|Any CPU
		{A342E4E4-A384-435C-A496-2127CD7F7BA1}.Debug|Any CPU.Build.0 = Debug|Any CPU
		{A342E4E4-A384-435C-A496-2127CD7F7BA1}.Release|Any CPU.ActiveCfg = Release|Any CPU
		{A342E4E4-A384-435C-A496-2127CD7F7BA1}.Release|Any CPU.Build.0 = Release|Any CPU
		{FAA7FC1E-58FE-4EA8-B64F-A31AC76F6643}.Debug|Any CPU.ActiveCfg = Debug|Any CPU
		{FAA7FC1E-58FE-4EA8-B64F-A31AC76F6643}.Debug|Any CPU.Build.0 = Debug|Any CPU
		{FAA7FC1E-58FE-4EA8-B64F-A31AC76F6643}.Release|Any CPU.ActiveCfg = Release|Any CPU
		{FAA7FC1E-58FE-4EA8-B64F-A31AC76F6643}.Release|Any CPU.Build.0 = Release|Any CPU
		{8A55E47C-FFE8-40C2-8B5E-0C770CAF2DF5}.Debug|Any CPU.ActiveCfg = Debug|Any CPU
		{8A55E47C-FFE8-40C2-8B5E-0C770CAF2DF5}.Debug|Any CPU.Build.0 = Debug|Any CPU
		{8A55E47C-FFE8-40C2-8B5E-0C770CAF2DF5}.Release|Any CPU.ActiveCfg = Release|Any CPU
		{8A55E47C-FFE8-40C2-8B5E-0C770CAF2DF5}.Release|Any CPU.Build.0 = Release|Any CPU
		{4EA41BCF-A0B6-41CD-B093-E546B991F965}.Debug|Any CPU.ActiveCfg = Debug|Any CPU
		{4EA41BCF-A0B6-41CD-B093-E546B991F965}.Debug|Any CPU.Build.0 = Debug|Any CPU
		{4EA41BCF-A0B6-41CD-B093-E546B991F965}.Release|Any CPU.ActiveCfg = Release|Any CPU
		{4EA41BCF-A0B6-41CD-B093-E546B991F965}.Release|Any CPU.Build.0 = Release|Any CPU
	EndGlobalSection
	GlobalSection(SolutionProperties) = preSolution
		HideSolutionNode = FALSE
	EndGlobalSection
	GlobalSection(NestedProjects) = preSolution
		{BE3CE6DB-CA08-416F-9A0A-9825370B34BC} = {13CCAD08-DAD9-40EA-ACD2-40310EFD0E95}
		{87B563C3-B488-460B-88DD-79BDF95B3AC0} = {13CCAD08-DAD9-40EA-ACD2-40310EFD0E95}
		{86E6EEBA-6B48-43A4-8D66-F043DCA85C54} = {13CCAD08-DAD9-40EA-ACD2-40310EFD0E95}
		{F3B71FE1-C692-4FB2-A4B6-EC2AC7DA8527} = {13CCAD08-DAD9-40EA-ACD2-40310EFD0E95}
		{408E4F4F-D65F-4240-991E-1EE7B9ACC3B0} = {13CCAD08-DAD9-40EA-ACD2-40310EFD0E95}
		{24873156-1AB6-4CE9-A0F9-6F3A820AE882} = {13CCAD08-DAD9-40EA-ACD2-40310EFD0E95}
		{BA599BFD-3EB4-4836-AF84-C1166DD3CC66} = {13CCAD08-DAD9-40EA-ACD2-40310EFD0E95}
		{50B91FAE-6174-435A-B469-99DCA8074D61} = {13CCAD08-DAD9-40EA-ACD2-40310EFD0E95}
		{24F48424-C3B6-42ED-89DB-213ED8A52F92} = {13CCAD08-DAD9-40EA-ACD2-40310EFD0E95}
		{3D4C3184-7A2A-4170-A896-9C966507BB55} = {ED54BF85-23E3-4A6F-80A2-345156C0CE6F}
		{A342E4E4-A384-435C-A496-2127CD7F7BA1} = {ED54BF85-23E3-4A6F-80A2-345156C0CE6F}
		{FAA7FC1E-58FE-4EA8-B64F-A31AC76F6643} = {13CCAD08-DAD9-40EA-ACD2-40310EFD0E95}
		{8A55E47C-FFE8-40C2-8B5E-0C770CAF2DF5} = {13CCAD08-DAD9-40EA-ACD2-40310EFD0E95}
		{4EA41BCF-A0B6-41CD-B093-E546B991F965} = {13CCAD08-DAD9-40EA-ACD2-40310EFD0E95}
	EndGlobalSection
	GlobalSection(ExtensibilityGlobals) = postSolution
		SolutionGuid = {DE43652E-6436-45CD-9112-A2A955622C2F}
	EndGlobalSection
EndGlobal
